
Microsoft Visual Studio Solution File, Format Version 12.00
# Visual Studio 15
VisualStudioVersion = 15.0.28307.421
MinimumVisualStudioVersion = 10.0.40219.1
Project("{FAE04EC0-301F-11D3-BF4B-00C04F79EFBC}") = "WCF_Sber", "WCF_Sber\WCF_Sber.csproj", "{BEB4A84F-2B52-412B-A3AE-F7B7AAFD588C}"
EndProject
Global
	GlobalSection(SolutionConfigurationPlatforms) = preSolution
		Debug|Any CPU = Debug|Any CPU
		Release|Any CPU = Release|Any CPU
	EndGlobalSection
	GlobalSection(ProjectConfigurationPlatforms) = postSolution
		{BEB4A84F-2B52-412B-A3AE-F7B7AAFD588C}.Debug|Any CPU.ActiveCfg = Debug|Any CPU
		{BEB4A84F-2B52-412B-A3AE-F7B7AAFD588C}.Debug|Any CPU.Build.0 = Debug|Any CPU
		{BEB4A84F-2B52-412B-A3AE-F7B7AAFD588C}.Release|Any CPU.ActiveCfg = Release|Any CPU
		{BEB4A84F-2B52-412B-A3AE-F7B7AAFD588C}.Release|Any CPU.Build.0 = Release|Any CPU
	EndGlobalSection
	GlobalSection(SolutionProperties) = preSolution
		HideSolutionNode = FALSE
	EndGlobalSection
	GlobalSection(ExtensibilityGlobals) = postSolution
		SolutionGuid = {2C8EF8A2-DA48-41B9-AE7F-BB419D6E5982}
	EndGlobalSection
EndGlobal
